
Microsoft Visual Studio Solution File, Format Version 12.00
# Visual Studio 15
VisualStudioVersion = 15.0.25807.0
MinimumVisualStudioVersion = 10.0.40219.1
Project("{2150E333-8FDC-42A3-9474-1A3956D46DE8}") = "Engine", "Engine", "{2C8AFD54-C25C-45C9-864E-8E7E8F01A117}"
EndProject
Project("{8BC9CEB8-8B4A-11D0-8D11-00A0C91BC942}") = "UE4", "Intermediate\ProjectFiles\UE4.vcxproj", "{0BD30CA5-098A-41D2-9E20-B3BC5753A79E}"
EndProject
Project("{2150E333-8FDC-42A3-9474-1A3956D46DE8}") = "Visualizers", "Visualizers", "{E44B1DE7-D634-456D-94EE-EE2AB99D814A}"
	ProjectSection(SolutionItems) = preProject
		..\..\..\UE4\UE4\UE_4.24\Engine\Extras\VisualStudioDebugging\UE4.natvis = ..\..\..\UE4\UE4\UE_4.24\Engine\Extras\VisualStudioDebugging\UE4.natvis
	EndProjectSection
EndProject
Global
	GlobalSection(SolutionConfigurationPlatforms) = preSolution
	EndGlobalSection
	GlobalSection(ProjectConfigurationPlatforms) = postSolution
	EndGlobalSection
	GlobalSection(SolutionProperties) = preSolution
		HideSolutionNode = FALSE
	EndGlobalSection
	GlobalSection(NestedProjects) = preSolution
		{0BD30CA5-098A-41D2-9E20-B3BC5753A79E} = {2C8AFD54-C25C-45C9-864E-8E7E8F01A117}
	EndGlobalSection
EndGlobal
